{
  "name": "chainchainchain",
  "version": "2.4.1",
  "lockfileVersion": 1,
  "requires": true,
  "dependencies": {
    "juzt": {
      "version": "1.0.9",
      "resolved": "https://registry.npmjs.org/juzt/-/juzt-1.0.9.tgz",
      "integrity": "sha512-srB0+UaIAAzuDYCqC/QSOq5EQZ/hFDbpmgf9w85H34FwZVso7JdKWMVknvEOCqG7WcoQKB6wuOLUGNVeGHQT1Q==",
      "dev": true
    }
  }
}
