{
  "name": "chainchainchain",
  "version": "2.1.0",
  "lockfileVersion": 1,
  "requires": true,
  "dependencies": {
    "juzt": {
      "version": "1.0.6",
      "resolved": "https://registry.npmjs.org/juzt/-/juzt-1.0.6.tgz",
      "integrity": "sha512-qkY3FUuqw04HpkNWDqgj4cUS1d/Wf7b7kZDNiRQ9xSF33o9A2GFQVVx0gsYJhgYd0yVewwNGWTshA1JuQyVFQQ=="
    }
  }
}
